
Microsoft Visual Studio Solution File, Format Version 12.00
# Visual Studio Version 17
VisualStudioVersion = 17.5.002.0
MinimumVisualStudioVersion = 10.0.40219.1
Project("{2150E333-8FDC-42A3-9474-1A3956D46DE8}") = "Start", "Start", "{FAA1AA2E-92ED-4476-A924-2B1F8E317E44}"
EndProject
Project("{2150E333-8FDC-42A3-9474-1A3956D46DE8}") = "Ch1_Intro", "Ch1_Intro", "{5B7381BD-4B96-4C4F-87C6-363F3B17E90D}"
EndProject
Project("{9A19103F-16F7-4668-BE54-9A1E7A4F7556}") = "Basic", "Start\Ch1_Intro\Basic\Basic.csproj", "{91513822-2084-401C-9EF7-7CD314F8C3FF}"
EndProject
Project("{2150E333-8FDC-42A3-9474-1A3956D46DE8}") = "Ch2_Basic", "Ch2_Basic", "{77042EAE-DA93-47A3-98C8-8F24DC17429D}"
EndProject
Project("{9A19103F-16F7-4668-BE54-9A1E7A4F7556}") = "Challenge", "Start\Ch2_Basic\Challenge\Challenge.csproj", "{FB215B43-6854-432C-9EFC-0F4E5B49A73F}"
EndProject
Project("{9A19103F-16F7-4668-BE54-9A1E7A4F7556}") = "LinkedList", "Start\Ch2_Basic\LinkedList\LinkedList.csproj", "{D77CE86B-593C-434E-9260-67820EE9CD5E}"
EndProject
Project("{9A19103F-16F7-4668-BE54-9A1E7A4F7556}") = "List", "Start\Ch2_Basic\List\List.csproj", "{85792C9B-54DA-4EE8-AC03-5384C7830E8B}"
EndProject
Project("{2150E333-8FDC-42A3-9474-1A3956D46DE8}") = "Ch3_Advanced", "Ch3_Advanced", "{411A6994-B83F-4CA9-9DB1-D0B2895DEB6D}"
EndProject
Project("{9A19103F-16F7-4668-BE54-9A1E7A4F7556}") = "Challenge", "Start\Ch3_Advanced\Challenge\Challenge.csproj", "{2AEE72F4-2AEC-4023-82BC-53C0168C1AC2}"
EndProject
Project("{9A19103F-16F7-4668-BE54-9A1E7A4F7556}") = "Dictionary", "Start\Ch3_Advanced\Dictionary\Dictionary.csproj", "{FB9CBE6D-8637-4076-9728-68F961AF84AA}"
EndProject
Project("{9A19103F-16F7-4668-BE54-9A1E7A4F7556}") = "Queue", "Start\Ch3_Advanced\Queue\Queue.csproj", "{97384B7A-633D-41D9-BFF9-6693D55D21AA}"
EndProject
Project("{9A19103F-16F7-4668-BE54-9A1E7A4F7556}") = "Stack", "Start\Ch3_Advanced\Stack\Stack.csproj", "{E86091FF-1650-4B2B-8B93-03786DBE72DF}"
EndProject
Project("{2150E333-8FDC-42A3-9474-1A3956D46DE8}") = "Ch4_Specialized", "Ch4_Specialized", "{86EF1B21-6F8D-4B3C-BD74-E4558BC8BFAB}"
EndProject
Project("{9A19103F-16F7-4668-BE54-9A1E7A4F7556}") = "Challenge", "Start\Ch4_Specialized\Challenge\Challenge.csproj", "{19B382E0-CB8C-4234-9948-ACC891703086}"
EndProject
Project("{9A19103F-16F7-4668-BE54-9A1E7A4F7556}") = "HybridDictExample", "Start\Ch4_Specialized\HybridDictExample\HybridDictExample.csproj", "{9F93DE86-C39B-4D81-BEF3-75F671FEFF9D}"
EndProject
Project("{9A19103F-16F7-4668-BE54-9A1E7A4F7556}") = "OrderedDictExample", "Start\Ch4_Specialized\OrderedDictExample\OrderedDictExample.csproj", "{27F560AD-0BF5-4E7D-B9AD-D793EFC998E4}"
EndProject
Project("{9A19103F-16F7-4668-BE54-9A1E7A4F7556}") = "StringBuilder", "Start\Ch4_Specialized\StringBuilder\StringBuilder.csproj", "{21ED5791-754A-41AA-AB34-6482970A812C}"
EndProject
Project("{9A19103F-16F7-4668-BE54-9A1E7A4F7556}") = "StringCollection", "Start\Ch4_Specialized\StringCollection\StringCollection.csproj", "{CEB5DF7C-4893-4BF2-8B75-C387266F838F}"
EndProject
Global
	GlobalSection(SolutionConfigurationPlatforms) = preSolution
		Debug|Any CPU = Debug|Any CPU
		Release|Any CPU = Release|Any CPU
	EndGlobalSection
	GlobalSection(ProjectConfigurationPlatforms) = postSolution
		{91513822-2084-401C-9EF7-7CD314F8C3FF}.Debug|Any CPU.ActiveCfg = Debug|Any CPU
		{91513822-2084-401C-9EF7-7CD314F8C3FF}.Debug|Any CPU.Build.0 = Debug|Any CPU
		{91513822-2084-401C-9EF7-7CD314F8C3FF}.Release|Any CPU.ActiveCfg = Release|Any CPU
		{91513822-2084-401C-9EF7-7CD314F8C3FF}.Release|Any CPU.Build.0 = Release|Any CPU
		{FB215B43-6854-432C-9EFC-0F4E5B49A73F}.Debug|Any CPU.ActiveCfg = Debug|Any CPU
		{FB215B43-6854-432C-9EFC-0F4E5B49A73F}.Debug|Any CPU.Build.0 = Debug|Any CPU
		{FB215B43-6854-432C-9EFC-0F4E5B49A73F}.Release|Any CPU.ActiveCfg = Release|Any CPU
		{FB215B43-6854-432C-9EFC-0F4E5B49A73F}.Release|Any CPU.Build.0 = Release|Any CPU
		{D77CE86B-593C-434E-9260-67820EE9CD5E}.Debug|Any CPU.ActiveCfg = Debug|Any CPU
		{D77CE86B-593C-434E-9260-67820EE9CD5E}.Debug|Any CPU.Build.0 = Debug|Any CPU
		{D77CE86B-593C-434E-9260-67820EE9CD5E}.Release|Any CPU.ActiveCfg = Release|Any CPU
		{D77CE86B-593C-434E-9260-67820EE9CD5E}.Release|Any CPU.Build.0 = Release|Any CPU
		{85792C9B-54DA-4EE8-AC03-5384C7830E8B}.Debug|Any CPU.ActiveCfg = Debug|Any CPU
		{85792C9B-54DA-4EE8-AC03-5384C7830E8B}.Debug|Any CPU.Build.0 = Debug|Any CPU
		{85792C9B-54DA-4EE8-AC03-5384C7830E8B}.Release|Any CPU.ActiveCfg = Release|Any CPU
		{85792C9B-54DA-4EE8-AC03-5384C7830E8B}.Release|Any CPU.Build.0 = Release|Any CPU
		{2AEE72F4-2AEC-4023-82BC-53C0168C1AC2}.Debug|Any CPU.ActiveCfg = Debug|Any CPU
		{2AEE72F4-2AEC-4023-82BC-53C0168C1AC2}.Debug|Any CPU.Build.0 = Debug|Any CPU
		{2AEE72F4-2AEC-4023-82BC-53C0168C1AC2}.Release|Any CPU.ActiveCfg = Release|Any CPU
		{2AEE72F4-2AEC-4023-82BC-53C0168C1AC2}.Release|Any CPU.Build.0 = Release|Any CPU
		{FB9CBE6D-8637-4076-9728-68F961AF84AA}.Debug|Any CPU.ActiveCfg = Debug|Any CPU
		{FB9CBE6D-8637-4076-9728-68F961AF84AA}.Debug|Any CPU.Build.0 = Debug|Any CPU
		{FB9CBE6D-8637-4076-9728-68F961AF84AA}.Release|Any CPU.ActiveCfg = Release|Any CPU
		{FB9CBE6D-8637-4076-9728-68F961AF84AA}.Release|Any CPU.Build.0 = Release|Any CPU
		{97384B7A-633D-41D9-BFF9-6693D55D21AA}.Debug|Any CPU.ActiveCfg = Debug|Any CPU
		{97384B7A-633D-41D9-BFF9-6693D55D21AA}.Debug|Any CPU.Build.0 = Debug|Any CPU
		{97384B7A-633D-41D9-BFF9-6693D55D21AA}.Release|Any CPU.ActiveCfg = Release|Any CPU
		{97384B7A-633D-41D9-BFF9-6693D55D21AA}.Release|Any CPU.Build.0 = Release|Any CPU
		{E86091FF-1650-4B2B-8B93-03786DBE72DF}.Debug|Any CPU.ActiveCfg = Debug|Any CPU
		{E86091FF-1650-4B2B-8B93-03786DBE72DF}.Debug|Any CPU.Build.0 = Debug|Any CPU
		{E86091FF-1650-4B2B-8B93-03786DBE72DF}.Release|Any CPU.ActiveCfg = Release|Any CPU
		{E86091FF-1650-4B2B-8B93-03786DBE72DF}.Release|Any CPU.Build.0 = Release|Any CPU
		{19B382E0-CB8C-4234-9948-ACC891703086}.Debug|Any CPU.ActiveCfg = Debug|Any CPU
		{19B382E0-CB8C-4234-9948-ACC891703086}.Debug|Any CPU.Build.0 = Debug|Any CPU
		{19B382E0-CB8C-4234-9948-ACC891703086}.Release|Any CPU.ActiveCfg = Release|Any CPU
		{19B382E0-CB8C-4234-9948-ACC891703086}.Release|Any CPU.Build.0 = Release|Any CPU
		{9F93DE86-C39B-4D81-BEF3-75F671FEFF9D}.Debug|Any CPU.ActiveCfg = Debug|Any CPU
		{9F93DE86-C39B-4D81-BEF3-75F671FEFF9D}.Debug|Any CPU.Build.0 = Debug|Any CPU
		{9F93DE86-C39B-4D81-BEF3-75F671FEFF9D}.Release|Any CPU.ActiveCfg = Release|Any CPU
		{9F93DE86-C39B-4D81-BEF3-75F671FEFF9D}.Release|Any CPU.Build.0 = Release|Any CPU
		{27F560AD-0BF5-4E7D-B9AD-D793EFC998E4}.Debug|Any CPU.ActiveCfg = Debug|Any CPU
		{27F560AD-0BF5-4E7D-B9AD-D793EFC998E4}.Debug|Any CPU.Build.0 = Debug|Any CPU
		{27F560AD-0BF5-4E7D-B9AD-D793EFC998E4}.Release|Any CPU.ActiveCfg = Release|Any CPU
		{27F560AD-0BF5-4E7D-B9AD-D793EFC998E4}.Release|Any CPU.Build.0 = Release|Any CPU
		{21ED5791-754A-41AA-AB34-6482970A812C}.Debug|Any CPU.ActiveCfg = Debug|Any CPU
		{21ED5791-754A-41AA-AB34-6482970A812C}.Debug|Any CPU.Build.0 = Debug|Any CPU
		{21ED5791-754A-41AA-AB34-6482970A812C}.Release|Any CPU.ActiveCfg = Release|Any CPU
		{21ED5791-754A-41AA-AB34-6482970A812C}.Release|Any CPU.Build.0 = Release|Any CPU
		{CEB5DF7C-4893-4BF2-8B75-C387266F838F}.Debug|Any CPU.ActiveCfg = Debug|Any CPU
		{CEB5DF7C-4893-4BF2-8B75-C387266F838F}.Debug|Any CPU.Build.0 = Debug|Any CPU
		{CEB5DF7C-4893-4BF2-8B75-C387266F838F}.Release|Any CPU.ActiveCfg = Release|Any CPU
		{CEB5DF7C-4893-4BF2-8B75-C387266F838F}.Release|Any CPU.Build.0 = Release|Any CPU
	EndGlobalSection
	GlobalSection(SolutionProperties) = preSolution
		HideSolutionNode = FALSE
	EndGlobalSection
	GlobalSection(NestedProjects) = preSolution
		{5B7381BD-4B96-4C4F-87C6-363F3B17E90D} = {FAA1AA2E-92ED-4476-A924-2B1F8E317E44}
		{91513822-2084-401C-9EF7-7CD314F8C3FF} = {5B7381BD-4B96-4C4F-87C6-363F3B17E90D}
		{77042EAE-DA93-47A3-98C8-8F24DC17429D} = {FAA1AA2E-92ED-4476-A924-2B1F8E317E44}
		{FB215B43-6854-432C-9EFC-0F4E5B49A73F} = {77042EAE-DA93-47A3-98C8-8F24DC17429D}
		{D77CE86B-593C-434E-9260-67820EE9CD5E} = {77042EAE-DA93-47A3-98C8-8F24DC17429D}
		{85792C9B-54DA-4EE8-AC03-5384C7830E8B} = {77042EAE-DA93-47A3-98C8-8F24DC17429D}
		{411A6994-B83F-4CA9-9DB1-D0B2895DEB6D} = {FAA1AA2E-92ED-4476-A924-2B1F8E317E44}
		{2AEE72F4-2AEC-4023-82BC-53C0168C1AC2} = {411A6994-B83F-4CA9-9DB1-D0B2895DEB6D}
		{FB9CBE6D-8637-4076-9728-68F961AF84AA} = {411A6994-B83F-4CA9-9DB1-D0B2895DEB6D}
		{97384B7A-633D-41D9-BFF9-6693D55D21AA} = {411A6994-B83F-4CA9-9DB1-D0B2895DEB6D}
		{E86091FF-1650-4B2B-8B93-03786DBE72DF} = {411A6994-B83F-4CA9-9DB1-D0B2895DEB6D}
		{86EF1B21-6F8D-4B3C-BD74-E4558BC8BFAB} = {FAA1AA2E-92ED-4476-A924-2B1F8E317E44}
		{19B382E0-CB8C-4234-9948-ACC891703086} = {86EF1B21-6F8D-4B3C-BD74-E4558BC8BFAB}
		{9F93DE86-C39B-4D81-BEF3-75F671FEFF9D} = {86EF1B21-6F8D-4B3C-BD74-E4558BC8BFAB}
		{27F560AD-0BF5-4E7D-B9AD-D793EFC998E4} = {86EF1B21-6F8D-4B3C-BD74-E4558BC8BFAB}
		{21ED5791-754A-41AA-AB34-6482970A812C} = {86EF1B21-6F8D-4B3C-BD74-E4558BC8BFAB}
		{CEB5DF7C-4893-4BF2-8B75-C387266F838F} = {86EF1B21-6F8D-4B3C-BD74-E4558BC8BFAB}
	EndGlobalSection
	GlobalSection(ExtensibilityGlobals) = postSolution
		SolutionGuid = {CAA9D50A-FD9E-4869-8D03-13D38B735657}
	EndGlobalSection
EndGlobal
